
Microsoft Visual Studio Solution File, Format Version 12.00
# Visual Studio 15
VisualStudioVersion = 15.0.27130.2027
MinimumVisualStudioVersion = 10.0.40219.1
Project("{8BC9CEB8-8B4A-11D0-8D11-00A0C91BC942}") = "vg_gfx", "vg_gfx\vg_gfx.vcxproj", "{4BEEEE1F-522C-44AA-92BD-1068286A4BB3}"
	ProjectSection(ProjectDependencies) = postProject
		{829DDBAB-F650-478E-884B-01B104261D7A} = {829DDBAB-F650-478E-884B-01B104261D7A}
	EndProjectSection
EndProject
Project("{8BC9CEB8-8B4A-11D0-8D11-00A0C91BC942}") = "vg_ai", "vg_ai\vg_ai.vcxproj", "{346605E4-A356-439C-ACE2-43E0263E7F3D}"
	ProjectSection(ProjectDependencies) = postProject
		{957B091B-6F63-4129-8A42-FC7682D54049} = {957B091B-6F63-4129-8A42-FC7682D54049}
	EndProjectSection
EndProject
Project("{8BC9CEB8-8B4A-11D0-8D11-00A0C91BC942}") = "vg_ui", "vg_ui\vg_ui.vcxproj", "{A8A56964-BC62-4920-9766-031305FC7C76}"
	ProjectSection(ProjectDependencies) = postProject
		{957B091B-6F63-4129-8A42-FC7682D54049} = {957B091B-6F63-4129-8A42-FC7682D54049}
		{4BEEEE1F-522C-44AA-92BD-1068286A4BB3} = {4BEEEE1F-522C-44AA-92BD-1068286A4BB3}
		{E4121B6C-4870-467B-AD2C-18DFD7F6830E} = {E4121B6C-4870-467B-AD2C-18DFD7F6830E}
	EndProjectSection
EndProject
Project("{8BC9CEB8-8B4A-11D0-8D11-00A0C91BC942}") = "vg_input", "vg_input\vg_input.vcxproj", "{B5D43B41-8C5D-49DC-A46A-871ACC3F6176}"
	ProjectSection(ProjectDependencies) = postProject
		{4799F317-D617-4C8C-A1ED-EF1CD1B4DE7E} = {4799F317-D617-4C8C-A1ED-EF1CD1B4DE7E}
		{E4121B6C-4870-467B-AD2C-18DFD7F6830E} = {E4121B6C-4870-467B-AD2C-18DFD7F6830E}
		{829DDBAB-F650-478E-884B-01B104261D7A} = {829DDBAB-F650-478E-884B-01B104261D7A}
		{1EF4EAF3-E8D2-44EF-9AE8-5F6A7105BF54} = {1EF4EAF3-E8D2-44EF-9AE8-5F6A7105BF54}
	EndProjectSection
EndProject
Project("{8BC9CEB8-8B4A-11D0-8D11-00A0C91BC942}") = "vg_phys", "vg_phys\vg_phys.vcxproj", "{4799F317-D617-4C8C-A1ED-EF1CD1B4DE7E}"
	ProjectSection(ProjectDependencies) = postProject
		{829DDBAB-F650-478E-884B-01B104261D7A} = {829DDBAB-F650-478E-884B-01B104261D7A}
	EndProjectSection
EndProject
Project("{8BC9CEB8-8B4A-11D0-8D11-00A0C91BC942}") = "vg_thread", "vg_thread\vg_thread.vcxproj", "{957B091B-6F63-4129-8A42-FC7682D54049}"
EndProject
Project("{8BC9CEB8-8B4A-11D0-8D11-00A0C91BC942}") = "vg_anim", "vg_anim\vg_anim.vcxproj", "{1EF4EAF3-E8D2-44EF-9AE8-5F6A7105BF54}"
	ProjectSection(ProjectDependencies) = postProject
		{4BEEEE1F-522C-44AA-92BD-1068286A4BB3} = {4BEEEE1F-522C-44AA-92BD-1068286A4BB3}
		{829DDBAB-F650-478E-884B-01B104261D7A} = {829DDBAB-F650-478E-884B-01B104261D7A}
	EndProjectSection
EndProject
Project("{8BC9CEB8-8B4A-11D0-8D11-00A0C91BC942}") = "vg_sound", "vg_sound\vg_sound.vcxproj", "{E4121B6C-4870-467B-AD2C-18DFD7F6830E}"
EndProject
Project("{8BC9CEB8-8B4A-11D0-8D11-00A0C91BC942}") = "vg_gfx_test", "vg_gfx_test\vg_gfx_test.vcxproj", "{607FD994-E283-40EB-A00F-53501A869CA7}"
EndProject
Project("{8BC9CEB8-8B4A-11D0-8D11-00A0C91BC942}") = "vg_data", "vg_data\vg_data.vcxproj", "{829DDBAB-F650-478E-884B-01B104261D7A}"
EndProject
Project("{8BC9CEB8-8B4A-11D0-8D11-00A0C91BC942}") = "vg_core", "vg_core\vg_core.vcxproj", "{E973C647-B7C5-41D2-9679-CFEF556DD191}"
	ProjectSection(ProjectDependencies) = postProject
		{829DDBAB-F650-478E-884B-01B104261D7A} = {829DDBAB-F650-478E-884B-01B104261D7A}
	EndProjectSection
EndProject
Project("{8BC9CEB8-8B4A-11D0-8D11-00A0C91BC942}") = "vg_data_test", "vg_data_test\vg_data_test.vcxproj", "{C8862A47-FDE4-44A4-A151-A8A83C414D4F}"
EndProject
Project("{8BC9CEB8-8B4A-11D0-8D11-00A0C91BC942}") = "vg_anim_test", "vg_anim_test\vg_anim_test.vcxproj", "{D01D0EBE-DE8B-4AB9-B3AD-8016C45D53F5}"
EndProject
Project("{8BC9CEB8-8B4A-11D0-8D11-00A0C91BC942}") = "vg_phys_test", "vg_phys_test\vg_phys_test.vcxproj", "{9819541D-DB97-4300-9C3A-6CA9E5627211}"
EndProject
Project("{8BC9CEB8-8B4A-11D0-8D11-00A0C91BC942}") = "vg_input_test", "vg_input_test\vg_input_test.vcxproj", "{24B0452D-596A-4368-8FB1-27F7720D3E99}"
EndProject
Project("{8BC9CEB8-8B4A-11D0-8D11-00A0C91BC942}") = "vg_core_test", "vg_core_test\vg_core_test.vcxproj", "{8982394C-D2A5-49C5-9049-9313B285BD74}"
EndProject
Global
	GlobalSection(SolutionConfigurationPlatforms) = preSolution
		Debug|x64 = Debug|x64
		Debug|x86 = Debug|x86
		Release|x64 = Release|x64
		Release|x86 = Release|x86
	EndGlobalSection
	GlobalSection(ProjectConfigurationPlatforms) = postSolution
		{4BEEEE1F-522C-44AA-92BD-1068286A4BB3}.Debug|x64.ActiveCfg = Debug|x64
		{4BEEEE1F-522C-44AA-92BD-1068286A4BB3}.Debug|x64.Build.0 = Debug|x64
		{4BEEEE1F-522C-44AA-92BD-1068286A4BB3}.Debug|x86.ActiveCfg = Debug|Win32
		{4BEEEE1F-522C-44AA-92BD-1068286A4BB3}.Debug|x86.Build.0 = Debug|Win32
		{4BEEEE1F-522C-44AA-92BD-1068286A4BB3}.Release|x64.ActiveCfg = Release|x64
		{4BEEEE1F-522C-44AA-92BD-1068286A4BB3}.Release|x64.Build.0 = Release|x64
		{4BEEEE1F-522C-44AA-92BD-1068286A4BB3}.Release|x86.ActiveCfg = Release|Win32
		{4BEEEE1F-522C-44AA-92BD-1068286A4BB3}.Release|x86.Build.0 = Release|Win32
		{346605E4-A356-439C-ACE2-43E0263E7F3D}.Debug|x64.ActiveCfg = Debug|x64
		{346605E4-A356-439C-ACE2-43E0263E7F3D}.Debug|x64.Build.0 = Debug|x64
		{346605E4-A356-439C-ACE2-43E0263E7F3D}.Debug|x86.ActiveCfg = Debug|Win32
		{346605E4-A356-439C-ACE2-43E0263E7F3D}.Debug|x86.Build.0 = Debug|Win32
		{346605E4-A356-439C-ACE2-43E0263E7F3D}.Release|x64.ActiveCfg = Release|x64
		{346605E4-A356-439C-ACE2-43E0263E7F3D}.Release|x64.Build.0 = Release|x64
		{346605E4-A356-439C-ACE2-43E0263E7F3D}.Release|x86.ActiveCfg = Release|Win32
		{346605E4-A356-439C-ACE2-43E0263E7F3D}.Release|x86.Build.0 = Release|Win32
		{A8A56964-BC62-4920-9766-031305FC7C76}.Debug|x64.ActiveCfg = Debug|x64
		{A8A56964-BC62-4920-9766-031305FC7C76}.Debug|x64.Build.0 = Debug|x64
		{A8A56964-BC62-4920-9766-031305FC7C76}.Debug|x86.ActiveCfg = Debug|Win32
		{A8A56964-BC62-4920-9766-031305FC7C76}.Debug|x86.Build.0 = Debug|Win32
		{A8A56964-BC62-4920-9766-031305FC7C76}.Release|x64.ActiveCfg = Release|x64
		{A8A56964-BC62-4920-9766-031305FC7C76}.Release|x64.Build.0 = Release|x64
		{A8A56964-BC62-4920-9766-031305FC7C76}.Release|x86.ActiveCfg = Release|Win32
		{A8A56964-BC62-4920-9766-031305FC7C76}.Release|x86.Build.0 = Release|Win32
		{B5D43B41-8C5D-49DC-A46A-871ACC3F6176}.Debug|x64.ActiveCfg = Debug|x64
		{B5D43B41-8C5D-49DC-A46A-871ACC3F6176}.Debug|x64.Build.0 = Debug|x64
		{B5D43B41-8C5D-49DC-A46A-871ACC3F6176}.Debug|x86.ActiveCfg = Debug|Win32
		{B5D43B41-8C5D-49DC-A46A-871ACC3F6176}.Debug|x86.Build.0 = Debug|Win32
		{B5D43B41-8C5D-49DC-A46A-871ACC3F6176}.Release|x64.ActiveCfg = Release|x64
		{B5D43B41-8C5D-49DC-A46A-871ACC3F6176}.Release|x64.Build.0 = Release|x64
		{B5D43B41-8C5D-49DC-A46A-871ACC3F6176}.Release|x86.ActiveCfg = Release|Win32
		{B5D43B41-8C5D-49DC-A46A-871ACC3F6176}.Release|x86.Build.0 = Release|Win32
		{4799F317-D617-4C8C-A1ED-EF1CD1B4DE7E}.Debug|x64.ActiveCfg = Debug|x64
		{4799F317-D617-4C8C-A1ED-EF1CD1B4DE7E}.Debug|x64.Build.0 = Debug|x64
		{4799F317-D617-4C8C-A1ED-EF1CD1B4DE7E}.Debug|x86.ActiveCfg = Debug|Win32
		{4799F317-D617-4C8C-A1ED-EF1CD1B4DE7E}.Debug|x86.Build.0 = Debug|Win32
		{4799F317-D617-4C8C-A1ED-EF1CD1B4DE7E}.Release|x64.ActiveCfg = Release|x64
		{4799F317-D617-4C8C-A1ED-EF1CD1B4DE7E}.Release|x64.Build.0 = Release|x64
		{4799F317-D617-4C8C-A1ED-EF1CD1B4DE7E}.Release|x86.ActiveCfg = Release|Win32
		{4799F317-D617-4C8C-A1ED-EF1CD1B4DE7E}.Release|x86.Build.0 = Release|Win32
		{957B091B-6F63-4129-8A42-FC7682D54049}.Debug|x64.ActiveCfg = Debug|x64
		{957B091B-6F63-4129-8A42-FC7682D54049}.Debug|x64.Build.0 = Debug|x64
		{957B091B-6F63-4129-8A42-FC7682D54049}.Debug|x86.ActiveCfg = Debug|Win32
		{957B091B-6F63-4129-8A42-FC7682D54049}.Debug|x86.Build.0 = Debug|Win32
		{957B091B-6F63-4129-8A42-FC7682D54049}.Release|x64.ActiveCfg = Release|x64
		{957B091B-6F63-4129-8A42-FC7682D54049}.Release|x64.Build.0 = Release|x64
		{957B091B-6F63-4129-8A42-FC7682D54049}.Release|x86.ActiveCfg = Release|Win32
		{957B091B-6F63-4129-8A42-FC7682D54049}.Release|x86.Build.0 = Release|Win32
		{1EF4EAF3-E8D2-44EF-9AE8-5F6A7105BF54}.Debug|x64.ActiveCfg = Debug|x64
		{1EF4EAF3-E8D2-44EF-9AE8-5F6A7105BF54}.Debug|x64.Build.0 = Debug|x64
		{1EF4EAF3-E8D2-44EF-9AE8-5F6A7105BF54}.Debug|x86.ActiveCfg = Debug|Win32
		{1EF4EAF3-E8D2-44EF-9AE8-5F6A7105BF54}.Debug|x86.Build.0 = Debug|Win32
		{1EF4EAF3-E8D2-44EF-9AE8-5F6A7105BF54}.Release|x64.ActiveCfg = Release|x64
		{1EF4EAF3-E8D2-44EF-9AE8-5F6A7105BF54}.Release|x64.Build.0 = Release|x64
		{1EF4EAF3-E8D2-44EF-9AE8-5F6A7105BF54}.Release|x86.ActiveCfg = Release|Win32
		{1EF4EAF3-E8D2-44EF-9AE8-5F6A7105BF54}.Release|x86.Build.0 = Release|Win32
		{E4121B6C-4870-467B-AD2C-18DFD7F6830E}.Debug|x64.ActiveCfg = Debug|x64
		{E4121B6C-4870-467B-AD2C-18DFD7F6830E}.Debug|x64.Build.0 = Debug|x64
		{E4121B6C-4870-467B-AD2C-18DFD7F6830E}.Debug|x86.ActiveCfg = Debug|Win32
		{E4121B6C-4870-467B-AD2C-18DFD7F6830E}.Debug|x86.Build.0 = Debug|Win32
		{E4121B6C-4870-467B-AD2C-18DFD7F6830E}.Release|x64.ActiveCfg = Release|x64
		{E4121B6C-4870-467B-AD2C-18DFD7F6830E}.Release|x64.Build.0 = Release|x64
		{E4121B6C-4870-467B-AD2C-18DFD7F6830E}.Release|x86.ActiveCfg = Release|Win32
		{E4121B6C-4870-467B-AD2C-18DFD7F6830E}.Release|x86.Build.0 = Release|Win32
		{607FD994-E283-40EB-A00F-53501A869CA7}.Debug|x64.ActiveCfg = Debug|x64
		{607FD994-E283-40EB-A00F-53501A869CA7}.Debug|x64.Build.0 = Debug|x64
		{607FD994-E283-40EB-A00F-53501A869CA7}.Debug|x86.ActiveCfg = Debug|Win32
		{607FD994-E283-40EB-A00F-53501A869CA7}.Debug|x86.Build.0 = Debug|Win32
		{607FD994-E283-40EB-A00F-53501A869CA7}.Release|x64.ActiveCfg = Release|x64
		{607FD994-E283-40EB-A00F-53501A869CA7}.Release|x64.Build.0 = Release|x64
		{607FD994-E283-40EB-A00F-53501A869CA7}.Release|x86.ActiveCfg = Release|Win32
		{607FD994-E283-40EB-A00F-53501A869CA7}.Release|x86.Build.0 = Release|Win32
		{829DDBAB-F650-478E-884B-01B104261D7A}.Debug|x64.ActiveCfg = Debug|x64
		{829DDBAB-F650-478E-884B-01B104261D7A}.Debug|x64.Build.0 = Debug|x64
		{829DDBAB-F650-478E-884B-01B104261D7A}.Debug|x86.ActiveCfg = Debug|Win32
		{829DDBAB-F650-478E-884B-01B104261D7A}.Debug|x86.Build.0 = Debug|Win32
		{829DDBAB-F650-478E-884B-01B104261D7A}.Release|x64.ActiveCfg = Release|x64
		{829DDBAB-F650-478E-884B-01B104261D7A}.Release|x64.Build.0 = Release|x64
		{829DDBAB-F650-478E-884B-01B104261D7A}.Release|x86.ActiveCfg = Release|Win32
		{829DDBAB-F650-478E-884B-01B104261D7A}.Release|x86.Build.0 = Release|Win32
		{E973C647-B7C5-41D2-9679-CFEF556DD191}.Debug|x64.ActiveCfg = Debug|x64
		{E973C647-B7C5-41D2-9679-CFEF556DD191}.Debug|x64.Build.0 = Debug|x64
		{E973C647-B7C5-41D2-9679-CFEF556DD191}.Debug|x86.ActiveCfg = Debug|Win32
		{E973C647-B7C5-41D2-9679-CFEF556DD191}.Debug|x86.Build.0 = Debug|Win32
		{E973C647-B7C5-41D2-9679-CFEF556DD191}.Release|x64.ActiveCfg = Release|x64
		{E973C647-B7C5-41D2-9679-CFEF556DD191}.Release|x64.Build.0 = Release|x64
		{E973C647-B7C5-41D2-9679-CFEF556DD191}.Release|x86.ActiveCfg = Release|Win32
		{E973C647-B7C5-41D2-9679-CFEF556DD191}.Release|x86.Build.0 = Release|Win32
		{C8862A47-FDE4-44A4-A151-A8A83C414D4F}.Debug|x64.ActiveCfg = Debug|x64
		{C8862A47-FDE4-44A4-A151-A8A83C414D4F}.Debug|x64.Build.0 = Debug|x64
		{C8862A47-FDE4-44A4-A151-A8A83C414D4F}.Debug|x86.ActiveCfg = Debug|Win32
		{C8862A47-FDE4-44A4-A151-A8A83C414D4F}.Debug|x86.Build.0 = Debug|Win32
		{C8862A47-FDE4-44A4-A151-A8A83C414D4F}.Release|x64.ActiveCfg = Release|x64
		{C8862A47-FDE4-44A4-A151-A8A83C414D4F}.Release|x64.Build.0 = Release|x64
		{C8862A47-FDE4-44A4-A151-A8A83C414D4F}.Release|x86.ActiveCfg = Release|Win32
		{C8862A47-FDE4-44A4-A151-A8A83C414D4F}.Release|x86.Build.0 = Release|Win32
		{D01D0EBE-DE8B-4AB9-B3AD-8016C45D53F5}.Debug|x64.ActiveCfg = Debug|x64
		{D01D0EBE-DE8B-4AB9-B3AD-8016C45D53F5}.Debug|x64.Build.0 = Debug|x64
		{D01D0EBE-DE8B-4AB9-B3AD-8016C45D53F5}.Debug|x86.ActiveCfg = Debug|Win32
		{D01D0EBE-DE8B-4AB9-B3AD-8016C45D53F5}.Debug|x86.Build.0 = Debug|Win32
		{D01D0EBE-DE8B-4AB9-B3AD-8016C45D53F5}.Release|x64.ActiveCfg = Release|x64
		{D01D0EBE-DE8B-4AB9-B3AD-8016C45D53F5}.Release|x64.Build.0 = Release|x64
		{D01D0EBE-DE8B-4AB9-B3AD-8016C45D53F5}.Release|x86.ActiveCfg = Release|Win32
		{D01D0EBE-DE8B-4AB9-B3AD-8016C45D53F5}.Release|x86.Build.0 = Release|Win32
		{9819541D-DB97-4300-9C3A-6CA9E5627211}.Debug|x64.ActiveCfg = Debug|x64
		{9819541D-DB97-4300-9C3A-6CA9E5627211}.Debug|x64.Build.0 = Debug|x64
		{9819541D-DB97-4300-9C3A-6CA9E5627211}.Debug|x86.ActiveCfg = Debug|Win32
		{9819541D-DB97-4300-9C3A-6CA9E5627211}.Debug|x86.Build.0 = Debug|Win32
		{9819541D-DB97-4300-9C3A-6CA9E5627211}.Release|x64.ActiveCfg = Release|x64
		{9819541D-DB97-4300-9C3A-6CA9E5627211}.Release|x64.Build.0 = Release|x64
		{9819541D-DB97-4300-9C3A-6CA9E5627211}.Release|x86.ActiveCfg = Release|Win32
		{9819541D-DB97-4300-9C3A-6CA9E5627211}.Release|x86.Build.0 = Release|Win32
		{24B0452D-596A-4368-8FB1-27F7720D3E99}.Debug|x64.ActiveCfg = Debug|x64
		{24B0452D-596A-4368-8FB1-27F7720D3E99}.Debug|x64.Build.0 = Debug|x64
		{24B0452D-596A-4368-8FB1-27F7720D3E99}.Debug|x86.ActiveCfg = Debug|Win32
		{24B0452D-596A-4368-8FB1-27F7720D3E99}.Debug|x86.Build.0 = Debug|Win32
		{24B0452D-596A-4368-8FB1-27F7720D3E99}.Release|x64.ActiveCfg = Release|x64
		{24B0452D-596A-4368-8FB1-27F7720D3E99}.Release|x64.Build.0 = Release|x64
		{24B0452D-596A-4368-8FB1-27F7720D3E99}.Release|x86.ActiveCfg = Release|Win32
		{24B0452D-596A-4368-8FB1-27F7720D3E99}.Release|x86.Build.0 = Release|Win32
		{8982394C-D2A5-49C5-9049-9313B285BD74}.Debug|x64.ActiveCfg = Debug|x64
		{8982394C-D2A5-49C5-9049-9313B285BD74}.Debug|x64.Build.0 = Debug|x64
		{8982394C-D2A5-49C5-9049-9313B285BD74}.Debug|x86.ActiveCfg = Debug|Win32
		{8982394C-D2A5-49C5-9049-9313B285BD74}.Debug|x86.Build.0 = Debug|Win32
		{8982394C-D2A5-49C5-9049-9313B285BD74}.Release|x64.ActiveCfg = Release|x64
		{8982394C-D2A5-49C5-9049-9313B285BD74}.Release|x64.Build.0 = Release|x64
		{8982394C-D2A5-49C5-9049-9313B285BD74}.Release|x86.ActiveCfg = Release|Win32
		{8982394C-D2A5-49C5-9049-9313B285BD74}.Release|x86.Build.0 = Release|Win32
	EndGlobalSection
	GlobalSection(SolutionProperties) = preSolution
		HideSolutionNode = FALSE
	EndGlobalSection
	GlobalSection(ExtensibilityGlobals) = postSolution
		SolutionGuid = {11D3D800-316A-4920-97B2-96823D616AC1}
	EndGlobalSection
EndGlobal
